{
  "name": "simple-decorators",
  "version": "1.0.0",
  "lockfileVersion": 1,
  "requires": true,
  "dependencies": {
    "@types/body-parser": {
      "version": "1.17.0",
      "resolved": "http://rnpm.hz.netease.com/@types/body-parser/download/@types/body-parser-1.17.0.tgz",
      "integrity": "sha1-n1ydm9BLtUvjLV65/A2Ml05s9Yw=",
      "requires": {
        "@types/connect": "3.4.32",
        "@types/node": "10.3.1"
      }
    },
    "@types/connect": {
      "version": "3.4.32",
      "resolved": "http://rnpm.hz.netease.com/@types/connect/download/@types/connect-3.4.32.tgz",
      "integrity": "sha1-qg6WFrlDXMrQK8UrW0VP/Cxwuig=",
      "requires": {
        "@types/node": "10.3.1"
      }
    },
    "@types/events": {
      "version": "1.2.0",
      "resolved": "http://rnpm.hz.netease.com/@types/events/download/@types/events-1.2.0.tgz",
      "integrity": "sha1-gaZzHOTfQ2GeXIyUU4Oz5iqJ6oY="
    },
    "@types/express": {
      "version": "4.16.0",
      "resolved": "http://rnpm.hz.netease.com/@types/express/download/@types/express-4.16.0.tgz",
      "integrity": "sha1-bYvELMqm81zymit8MzPLR7WjKhk=",
      "requires": {
        "@types/body-parser": "1.17.0",
        "@types/express-serve-static-core": "4.16.0",
        "@types/serve-static": "1.13.2"
      }
    },
    "@types/express-serve-static-core": {
      "version": "4.16.0",
      "resolved": "http://rnpm.hz.netease.com/@types/express-serve-static-core/download/@types/express-serve-static-core-4.16.0.tgz",
      "integrity": "sha1-/f53dZTdwf6OuOzM5S4mG0luQ+c=",
      "requires": {
        "@types/events": "1.2.0",
        "@types/node": "10.3.1",
        "@types/range-parser": "1.2.2"
      }
    },
    "@types/mime": {
      "version": "2.0.0",
      "resolved": "http://rnpm.hz.netease.com/@types/mime/download/@types/mime-2.0.0.tgz",
      "integrity": "sha1-WnMG42fFObn2VDSZ3o3VGfrDeos="
    },
    "@types/node": {
      "version": "10.3.1",
      "resolved": "http://rnpm.hz.netease.com/@types/node/download/@types/node-10.3.1.tgz",
      "integrity": "sha1-UQkvusrtdooSKik4FEdPv25ei20="
    },
    "@types/range-parser": {
      "version": "1.2.2",
      "resolved": "http://rnpm.hz.netease.com/@types/range-parser/download/@types/range-parser-1.2.2.tgz",
      "integrity": "sha1-+o4a0dR0aIp1cUDJHebazm9KvI0="
    },
    "@types/serve-static": {
      "version": "1.13.2",
      "resolved": "http://rnpm.hz.netease.com/@types/serve-static/download/@types/serve-static-1.13.2.tgz",
      "integrity": "sha1-9axNemQgqZpqRa9HGfTc2M2Qekg=",
      "requires": {
        "@types/express-serve-static-core": "4.16.0",
        "@types/mime": "2.0.0"
      }
    }
  }
}
